// !$*UTF8*$!
{
	archiveVersion = 1;
	classes = {
	};
	objectVersion = 46;
	objects = {

/* Begin PBXBuildFile section */
		041B9BB719B89E4400560373 /* 010.png in Resources */ = {isa = PBXBuildFile; fileRef = 041B9BAE19B89E4300560373 /* 010.png */; };
		041B9BB819B89E4400560373 /* 011.png in Resources */ = {isa = PBXBuildFile; fileRef = 041B9BAF19B89E4400560373 /* 011.png */; };
		041B9BB919B89E4400560373 /* 012.png in Resources */ = {isa = PBXBuildFile; fileRef = 041B9BB019B89E4400560373 /* 012.png */; };
		041B9BBA19B89E4400560373 /* 013.png in Resources */ = {isa = PBXBuildFile; fileRef = 041B9BB119B89E4400560373 /* 013.png */; };
		041B9BBB19B89E4400560373 /* 014.png in Resources */ = {isa = PBXBuildFile; fileRef = 041B9BB219B89E4400560373 /* 014.png */; };
		041B9BBC19B89E4400560373 /* 015.png in Resources */ = {isa = PBXBuildFile; fileRef = 041B9BB319B89E4400560373 /* 015.png */; };
		041B9BBD19B89E4400560373 /* 016.png in Resources */ = {isa = PBXBuildFile; fileRef = 041B9BB419B89E4400560373 /* 016.png */; };
		041B9BBE19B89E4400560373 /* 017.png in Resources */ = {isa = PBXBuildFile; fileRef = 041B9BB519B89E4400560373 /* 017.png */; };
		041B9BBF19B89E4400560373 /* 018.png in Resources */ = {isa = PBXBuildFile; fileRef = 041B9BB619B89E4400560373 /* 018.png */; };
		0447D3F919B85E7F00C3A178 /* main.m in Sources */ = {isa = PBXBuildFile; fileRef = 0447D3F819B85E7F00C3A178 /* main.m */; };
		0447D3FC19B85E7F00C3A178 /* AppDelegate.m in Sources */ = {isa = PBXBuildFile; fileRef = 0447D3FB19B85E7F00C3A178 /* AppDelegate.m */; };
		0447D3FF19B85E7F00C3A178 /* ViewController.m in Sources */ = {isa = PBXBuildFile; fileRef = 0447D3FE19B85E7F00C3A178 /* ViewController.m */; };
		0447D40219B85E7F00C3A178 /* Main.storyboard in Resources */ = {isa = PBXBuildFile; fileRef = 0447D40019B85E7F00C3A178 /* Main.storyboard */; };
		0447D40419B85E7F00C3A178 /* Images.xcassets in Resources */ = {isa = PBXBuildFile; fileRef = 0447D40319B85E7F00C3A178 /* Images.xcassets */; };
		0447D41019B85E7F00C3A178 /* _6_______Tests.m in Sources */ = {isa = PBXBuildFile; fileRef = 0447D40F19B85E7F00C3A178 /* _6_______Tests.m */; };
/* End PBXBuildFile section */

/* Begin PBXContainerItemProxy section */
		0447D40A19B85E7F00C3A178 /* PBXContainerItemProxy */ = {
			isa = PBXContainerItemProxy;
			containerPortal = 0447D3EB19B85E7F00C3A178 /* Project object */;
			proxyType = 1;
			remoteGlobalIDString = 0447D3F219B85E7F00C3A178;
			remoteInfo = "16-表情图片排列";
		};
/* End PBXContainerItemProxy section */

/* Begin PBXFileReference section */
		041B9BAE19B89E4300560373 /* 010.png */ = {isa = PBXFileReference; lastKnownFileType = image.png; path = 010.png; sourceTree = "<group>"; };
		041B9BAF19B89E4400560373 /* 011.png */ = {isa = PBXFileReference; lastKnownFileType = image.png; path = 011.png; sourceTree = "<group>"; };
		041B9BB019B89E4400560373 /* 012.png */ = {isa = PBXFileReference; lastKnownFileType = image.png; path = 012.png; sourceTree = "<group>"; };
		041B9BB119B89E4400560373 /* 013.png */ = {isa = PBXFileReference; lastKnownFileType = image.png; path = 013.png; sourceTree = "<group>"; };
		041B9BB219B89E4400560373 /* 014.png */ = {isa = PBXFileReference; lastKnownFileType = image.png; path = 014.png; sourceTree = "<group>"; };
		041B9BB319B89E4400560373 /* 015.png */ = {isa = PBXFileReference; lastKnownFileType = image.png; path = 015.png; sourceTree = "<group>"; };
		041B9BB419B89E4400560373 /* 016.png */ = {isa = PBXFileReference; lastKnownFileType = image.png; path = 016.png; sourceTree = "<group>"; };
		041B9BB519B89E4400560373 /* 017.png */ = {isa = PBXFileReference; lastKnownFileType = image.png; path = 017.png; sourceTree = "<group>"; };
		041B9BB619B89E4400560373 /* 018.png */ = {isa = PBXFileReference; lastKnownFileType = image.png; path = 018.png; sourceTree = "<group>"; };
		0447D3F319B85E7F00C3A178 /* 16-表情图片排列.app */ = {isa = PBXFileReference; explicitFileType = wrapper.application; includeInIndex = 0; path = "16-表情图片排列.app"; sourceTree = BUILT_PRODUCTS_DIR; };
		0447D3F719B85E7F00C3A178 /* Info.plist */ = {isa = PBXFileReference; lastKnownFileType = text.plist.xml; path = Info.plist; sourceTree = "<group>"; };
		0447D3F819B85E7F00C3A178 /* main.m */ = {isa = PBXFileReference; lastKnownFileType = sourcecode.c.objc; path = main.m; sourceTree = "<group>"; };
		0447D3FA19B85E7F00C3A178 /* AppDelegate.h */ = {isa = PBXFileReference; lastKnownFileType = sourcecode.c.h; path = AppDelegate.h; sourceTree = "<group>"; };
		0447D3FB19B85E7F00C3A178 /* AppDelegate.m */ = {isa = PBXFileReference; lastKnownFileType = sourcecode.c.objc; path = AppDelegate.m; sourceTree = "<group>"; };
		0447D3FD19B85E7F00C3A178 /* ViewController.h */ = {isa = PBXFileReference; lastKnownFileType = sourcecode.c.h; path = ViewController.h; sourceTree = "<group>"; };
		0447D3FE19B85E7F00C3A178 /* ViewController.m */ = {isa = PBXFileReference; lastKnownFileType = sourcecode.c.objc; path = ViewController.m; sourceTree = "<group>"; };
		0447D40119B85E7F00C3A178 /* Base */ = {isa = PBXFileReference; lastKnownFileType = file.storyboard; name = Base; path = Base.lproj/Main.storyboard; sourceTree = "<group>"; };
		0447D40319B85E7F00C3A178 /* Images.xcassets */ = {isa = PBXFileReference; lastKnownFileType = folder.assetcatalog; path = Images.xcassets; sourceTree = "<group>"; };
		0447D40919B85E7F00C3A178 /* 16-表情图片排列Tests.xctest */ = {isa = PBXFileReference; explicitFileType = wrapper.cfbundle; includeInIndex = 0; path = "16-表情图片排列Tests.xctest"; sourceTree = BUILT_PRODUCTS_DIR; };
		0447D40E19B85E7F00C3A178 /* Info.plist */ = {isa = PBXFileReference; lastKnownFileType = text.plist.xml; path = Info.plist; sourceTree = "<group>"; };
		0447D40F19B85E7F00C3A178 /* _6_______Tests.m */ = {isa = PBXFileReference; lastKnownFileType = sourcecode.c.objc; path = "_6_______Tests.m"; sourceTree = "<group>"; };
/* End PBXFileReference section */

/* Begin PBXFrameworksBuildPhase section */
		0447D3F019B85E7F00C3A178 /* Frameworks */ = {
			isa = PBXFrameworksBuildPhase;
			buildActionMask = 2147483647;
			files = (
			);
			runOnlyForDeploymentPostprocessing = 0;
		};
		0447D40619B85E7F00C3A178 /* Frameworks */ = {
			isa = PBXFrameworksBuildPhase;
			buildActionMask = 2147483647;
			files = (
			);
			runOnlyForDeploymentPostprocessing = 0;
		};
/* End PBXFrameworksBuildPhase section */

/* Begin PBXGroup section */
		0447D3EA19B85E7F00C3A178 = {
			isa = PBXGroup;
			children = (
				0447D3F519B85E7F00C3A178 /* 16-表情图片排列 */,
				0447D40C19B85E7F00C3A178 /* 16-表情图片排列Tests */,
				0447D3F419B85E7F00C3A178 /* Products */,
			);
			sourceTree = "<group>";
		};
		0447D3F419B85E7F00C3A178 /* Products */ = {
			isa = PBXGroup;
			children = (
				0447D3F319B85E7F00C3A178 /* 16-表情图片排列.app */,
				0447D40919B85E7F00C3A178 /* 16-表情图片排列Tests.xctest */,
			);
			name = Products;
			sourceTree = "<group>";
		};
		0447D3F519B85E7F00C3A178 /* 16-表情图片排列 */ = {
			isa = PBXGroup;
			children = (
				0447D3FA19B85E7F00C3A178 /* AppDelegate.h */,
				0447D3FB19B85E7F00C3A178 /* AppDelegate.m */,
				0447D3FD19B85E7F00C3A178 /* ViewController.h */,
				0447D3FE19B85E7F00C3A178 /* ViewController.m */,
				0447D40019B85E7F00C3A178 /* Main.storyboard */,
				0447D40319B85E7F00C3A178 /* Images.xcassets */,
				0447D3F619B85E7F00C3A178 /* Supporting Files */,
			);
			path = "16-表情图片排列";
			sourceTree = "<group>";
		};
		0447D3F619B85E7F00C3A178 /* Supporting Files */ = {
			isa = PBXGroup;
			children = (
				0447D41919B85E9400C3A178 /* images */,
				0447D3F719B85E7F00C3A178 /* Info.plist */,
				0447D3F819B85E7F00C3A178 /* main.m */,
			);
			name = "Supporting Files";
			sourceTree = "<group>";
		};
		0447D40C19B85E7F00C3A178 /* 16-表情图片排列Tests */ = {
			isa = PBXGroup;
			children = (
				0447D40F19B85E7F00C3A178 /* _6_______Tests.m */,
				0447D40D19B85E7F00C3A178 /* Supporting Files */,
			);
			path = "16-表情图片排列Tests";
			sourceTree = "<group>";
		};
		0447D40D19B85E7F00C3A178 /* Supporting Files */ = {
			isa = PBXGroup;
			children = (
				0447D40E19B85E7F00C3A178 /* Info.plist */,
			);
			name = "Supporting Files";
			sourceTree = "<group>";
		};
		0447D41919B85E9400C3A178 /* images */ = {
			isa = PBXGroup;
			children = (
				041B9BAE19B89E4300560373 /* 010.png */,
				041B9BAF19B89E4400560373 /* 011.png */,
				041B9BB019B89E4400560373 /* 012.png */,
				041B9BB119B89E4400560373 /* 013.png */,
				041B9BB219B89E4400560373 /* 014.png */,
				041B9BB319B89E4400560373 /* 015.png */,
				041B9BB419B89E4400560373 /* 016.png */,
				041B9BB519B89E4400560373 /* 017.png */,
				041B9BB619B89E4400560373 /* 018.png */,
			);
			name = images;
			sourceTree = "<group>";
		};
/* End PBXGroup section */

/* Begin PBXNativeTarget section */
		0447D3F219B85E7F00C3A178 /* 16-表情图片排列 */ = {
			isa = PBXNativeTarget;
			buildConfigurationList = 0447D41319B85E7F00C3A178 /* Build configuration list for PBXNativeTarget "16-表情图片排列" */;
			buildPhases = (
				0447D3EF19B85E7F00C3A178 /* Sources */,
				0447D3F019B85E7F00C3A178 /* Frameworks */,
				0447D3F119B85E7F00C3A178 /* Resources */,
			);
			buildRules = (
			);
			dependencies = (
			);
			name = "16-表情图片排列";
			productName = "16-表情图片排列";
			productReference = 0447D3F319B85E7F00C3A178 /* 16-表情图片排列.app */;
			productType = "com.apple.product-type.application";
		};
		0447D40819B85E7F00C3A178 /* 16-表情图片排列Tests */ = {
			isa = PBXNativeTarget;
			buildConfigurationList = 0447D41619B85E7F00C3A178 /* Build configuration list for PBXNativeTarget "16-表情图片排列Tests" */;
			buildPhases = (
				0447D40519B85E7F00C3A178 /* Sources */,
				0447D40619B85E7F00C3A178 /* Frameworks */,
				0447D40719B85E7F00C3A178 /* Resources */,
			);
			buildRules = (
			);
			dependencies = (
				0447D40B19B85E7F00C3A178 /* PBXTargetDependency */,
			);
			name = "16-表情图片排列Tests";
			productName = "16-表情图片排列Tests";
			productReference = 0447D40919B85E7F00C3A178 /* 16-表情图片排列Tests.xctest */;
			productType = "com.apple.product-type.bundle.unit-test";
		};
/* End PBXNativeTarget section */

/* Begin PBXProject section */
		0447D3EB19B85E7F00C3A178 /* Project object */ = {
			isa = PBXProject;
			attributes = {
				LastUpgradeCheck = 0600;
				ORGANIZATIONNAME = "MN&WC";
				TargetAttributes = {
					0447D3F219B85E7F00C3A178 = {
						CreatedOnToolsVersion = 6.0;
					};
					0447D40819B85E7F00C3A178 = {
						CreatedOnToolsVersion = 6.0;
						TestTargetID = 0447D3F219B85E7F00C3A178;
					};
				};
			};
			buildConfigurationList = 0447D3EE19B85E7F00C3A178 /* Build configuration list for PBXProject "16-表情图片排列" */;
			compatibilityVersion = "Xcode 3.2";
			developmentRegion = English;
			hasScannedForEncodings = 0;
			knownRegions = (
				en,
				Base,
			);
			mainGroup = 0447D3EA19B85E7F00C3A178;
			productRefGroup = 0447D3F419B85E7F00C3A178 /* Products */;
			projectDirPath = "";
			projectRoot = "";
			targets = (
				0447D3F219B85E7F00C3A178 /* 16-表情图片排列 */,
				0447D40819B85E7F00C3A178 /* 16-表情图片排列Tests */,
			);
		};
/* End PBXProject section */

/* Begin PBXResourcesBuildPhase section */
		0447D3F119B85E7F00C3A178 /* Resources */ = {
			isa = PBXResourcesBuildPhase;
			buildActionMask = 2147483647;
			files = (
				041B9BBC19B89E4400560373 /* 015.png in Resources */,
				041B9BBA19B89E4400560373 /* 013.png in Resources */,
				041B9BB819B89E4400560373 /* 011.png in Resources */,
				041B9BBD19B89E4400560373 /* 016.png in Resources */,
				041B9BBB19B89E4400560373 /* 014.png in Resources */,
				041B9BB919B89E4400560373 /* 012.png in Resources */,
				041B9BBE19B89E4400560373 /* 017.png in Resources */,
				041B9BB719B89E4400560373 /* 010.png in Resources */,
				0447D40219B85E7F00C3A178 /* Main.storyboard in Resources */,
				0447D40419B85E7F00C3A178 /* Images.xcassets in Resources */,
				041B9BBF19B89E4400560373 /* 018.png in Resources */,
			);
			runOnlyForDeploymentPostprocessing = 0;
		};
		0447D40719B85E7F00C3A178 /* Resources */ = {
			isa = PBXResourcesBuildPhase;
			buildActionMask = 2147483647;
			files = (
			);
			runOnlyForDeploymentPostprocessing = 0;
		};
/* End PBXResourcesBuildPhase section */

/* Begin PBXSourcesBuildPhase section */
		0447D3EF19B85E7F00C3A178 /* Sources */ = {
			isa = PBXSourcesBuildPhase;
			buildActionMask = 2147483647;
			files = (
				0447D3FF19B85E7F00C3A178 /* ViewController.m in Sources */,
				0447D3FC19B85E7F00C3A178 /* AppDelegate.m in Sources */,
				0447D3F919B85E7F00C3A178 /* main.m in Sources */,
			);
			runOnlyForDeploymentPostprocessing = 0;
		};
		0447D40519B85E7F00C3A178 /* Sources */ = {
			isa = PBXSourcesBuildPhase;
			buildActionMask = 2147483647;
			files = (
				0447D41019B85E7F00C3A178 /* _6_______Tests.m in Sources */,
			);
			runOnlyForDeploymentPostprocessing = 0;
		};
/* End PBXSourcesBuildPhase section */

/* Begin PBXTargetDependency section */
		0447D40B19B85E7F00C3A178 /* PBXTargetDependency */ = {
			isa = PBXTargetDependency;
			target = 0447D3F219B85E7F00C3A178 /* 16-表情图片排列 */;
			targetProxy = 0447D40A19B85E7F00C3A178 /* PBXContainerItemProxy */;
		};
/* End PBXTargetDependency section */

/* Begin PBXVariantGroup section */
		0447D40019B85E7F00C3A178 /* Main.storyboard */ = {
			isa = PBXVariantGroup;
			children = (
				0447D40119B85E7F00C3A178 /* Base */,
			);
			name = Main.storyboard;
			sourceTree = "<group>";
		};
/* End PBXVariantGroup section */

/* Begin XCBuildConfiguration section */
		0447D41119B85E7F00C3A178 /* Debug */ = {
			isa = XCBuildConfiguration;
			buildSettings = {
				ALWAYS_SEARCH_USER_PATHS = NO;
				CLANG_CXX_LANGUAGE_STANDARD = "gnu++0x";
				CLANG_CXX_LIBRARY = "libc++";
				CLANG_ENABLE_MODULES = YES;
				CLANG_ENABLE_OBJC_ARC = YES;
				CLANG_WARN_BOOL_CONVERSION = YES;
				CLANG_WARN_CONSTANT_CONVERSION = YES;
				CLANG_WARN_DIRECT_OBJC_ISA_USAGE = YES_ERROR;
				CLANG_WARN_EMPTY_BODY = YES;
				CLANG_WARN_ENUM_CONVERSION = YES;
				CLANG_WARN_INT_CONVERSION = YES;
				CLANG_WARN_OBJC_ROOT_CLASS = YES_ERROR;
				CLANG_WARN_UNREACHABLE_CODE = YES;
				CLANG_WARN__DUPLICATE_METHOD_MATCH = YES;
				"CODE_SIGN_IDENTITY[sdk=iphoneos*]" = "iPhone Developer";
				COPY_PHASE_STRIP = NO;
				ENABLE_STRICT_OBJC_MSGSEND = YES;
				GCC_C_LANGUAGE_STANDARD = gnu99;
				GCC_DYNAMIC_NO_PIC = NO;
				GCC_OPTIMIZATION_LEVEL = 0;
				GCC_PREPROCESSOR_DEFINITIONS = (
					"DEBUG=1",
					"$(inherited)",
				);
				GCC_SYMBOLS_PRIVATE_EXTERN = NO;
				GCC_WARN_64_TO_32_BIT_CONVERSION = YES;
				GCC_WARN_ABOUT_RETURN_TYPE = YES_ERROR;
				GCC_WARN_UNDECLARED_SELECTOR = YES;
				GCC_WARN_UNINITIALIZED_AUTOS = YES_AGGRESSIVE;
				GCC_WARN_UNUSED_FUNCTION = YES;
				GCC_WARN_UNUSED_VARIABLE = YES;
				IPHONEOS_DEPLOYMENT_TARGET = 8.0;
				MTL_ENABLE_DEBUG_INFO = YES;
				ONLY_ACTIVE_ARCH = YES;
				SDKROOT = iphoneos;
			};
			name = Debug;
		};
		0447D41219B85E7F00C3A178 /* Release */ = {
			isa = XCBuildConfiguration;
			buildSettings = {
				ALWAYS_SEARCH_USER_PATHS = NO;
				CLANG_CXX_LANGUAGE_STANDARD = "gnu++0x";
				CLANG_CXX_LIBRARY = "libc++";
				CLANG_ENABLE_MODULES = YES;
				CLANG_ENABLE_OBJC_ARC = YES;
				CLANG_WARN_BOOL_CONVERSION = YES;
				CLANG_WARN_CONSTANT_CONVERSION = YES;
				CLANG_WARN_DIRECT_OBJC_ISA_USAGE = YES_ERROR;
				CLANG_WARN_EMPTY_BODY = YES;
				CLANG_WARN_ENUM_CONVERSION = YES;
				CLANG_WARN_INT_CONVERSION = YES;
				CLANG_WARN_OBJC_ROOT_CLASS = YES_ERROR;
				CLANG_WARN_UNREACHABLE_CODE = YES;
				CLANG_WARN__DUPLICATE_METHOD_MATCH = YES;
				"CODE_SIGN_IDENTITY[sdk=iphoneos*]" = "iPhone Developer";
				COPY_PHASE_STRIP = YES;
				ENABLE_NS_ASSERTIONS = NO;
				ENABLE_STRICT_OBJC_MSGSEND = YES;
				GCC_C_LANGUAGE_STANDARD = gnu99;
				GCC_WARN_64_TO_32_BIT_CONVERSION = YES;
				GCC_WARN_ABOUT_RETURN_TYPE = YES_ERROR;
				GCC_WARN_UNDECLARED_SELECTOR = YES;
				GCC_WARN_UNINITIALIZED_AUTOS = YES_AGGRESSIVE;
				GCC_WARN_UNUSED_FUNCTION = YES;
				GCC_WARN_UNUSED_VARIABLE = YES;
				IPHONEOS_DEPLOYMENT_TARGET = 8.0;
				MTL_ENABLE_DEBUG_INFO = NO;
				SDKROOT = iphoneos;
				VALIDATE_PRODUCT = YES;
			};
			name = Release;
		};
		0447D41419B85E7F00C3A178 /* Debug */ = {
			isa = XCBuildConfiguration;
			buildSettings = {
				ASSETCATALOG_COMPILER_APPICON_NAME = AppIcon;
				ASSETCATALOG_COMPILER_LAUNCHIMAGE_NAME = LaunchImage;
				INFOPLIST_FILE = "16-表情图片排列/Info.plist";
				LD_RUNPATH_SEARCH_PATHS = "$(inherited) @executable_path/Frameworks";
				PRODUCT_NAME = "$(TARGET_NAME)";
			};
			name = Debug;
		};
		0447D41519B85E7F00C3A178 /* Release */ = {
			isa = XCBuildConfiguration;
			buildSettings = {
				ASSETCATALOG_COMPILER_APPICON_NAME = AppIcon;
				ASSETCATALOG_COMPILER_LAUNCHIMAGE_NAME = LaunchImage;
				INFOPLIST_FILE = "16-表情图片排列/Info.plist";
				LD_RUNPATH_SEARCH_PATHS = "$(inherited) @executable_path/Frameworks";
				PRODUCT_NAME = "$(TARGET_NAME)";
			};
			name = Release;
		};
		0447D41719B85E7F00C3A178 /* Debug */ = {
			isa = XCBuildConfiguration;
			buildSettings = {
				BUNDLE_LOADER = "$(TEST_HOST)";
				FRAMEWORK_SEARCH_PATHS = (
					"$(SDKROOT)/Developer/Library/Frameworks",
					"$(inherited)",
				);
				GCC_PREPROCESSOR_DEFINITIONS = (
					"DEBUG=1",
					"$(inherited)",
				);
				INFOPLIST_FILE = "16-表情图片排列Tests/Info.plist";
				LD_RUNPATH_SEARCH_PATHS = "$(inherited) @executable_path/Frameworks @loader_path/Frameworks";
				PRODUCT_NAME = "$(TARGET_NAME)";
				TEST_HOST = "$(BUILT_PRODUCTS_DIR)/16-表情图片排列.app/16-表情图片排列";
			};
			name = Debug;
		};
		0447D41819B85E7F00C3A178 /* Release */ = {
			isa = XCBuildConfiguration;
			buildSettings = {
				BUNDLE_LOADER = "$(TEST_HOST)";
				FRAMEWORK_SEARCH_PATHS = (
					"$(SDKROOT)/Developer/Library/Frameworks",
					"$(inherited)",
				);
				INFOPLIST_FILE = "16-表情图片排列Tests/Info.plist";
				LD_RUNPATH_SEARCH_PATHS = "$(inherited) @executable_path/Frameworks @loader_path/Frameworks";
				PRODUCT_NAME = "$(TARGET_NAME)";
				TEST_HOST = "$(BUILT_PRODUCTS_DIR)/16-表情图片排列.app/16-表情图片排列";
			};
			name = Release;
		};
/* End XCBuildConfiguration section */

/* Begin XCConfigurationList section */
		0447D3EE19B85E7F00C3A178 /* Build configuration list for PBXProject "16-表情图片排列" */ = {
			isa = XCConfigurationList;
			buildConfigurations = (
				0447D41119B85E7F00C3A178 /* Debug */,
				0447D41219B85E7F00C3A178 /* Release */,
			);
			defaultConfigurationIsVisible = 0;
			defaultConfigurationName = Release;
		};
		0447D41319B85E7F00C3A178 /* Build configuration list for PBXNativeTarget "16-表情图片排列" */ = {
			isa = XCConfigurationList;
			buildConfigurations = (
				0447D41419B85E7F00C3A178 /* Debug */,
				0447D41519B85E7F00C3A178 /* Release */,
			);
			defaultConfigurationIsVisible = 0;
			defaultConfigurationName = Release;
		};
		0447D41619B85E7F00C3A178 /* Build configuration list for PBXNativeTarget "16-表情图片排列Tests" */ = {
			isa = XCConfigurationList;
			buildConfigurations = (
				0447D41719B85E7F00C3A178 /* Debug */,
				0447D41819B85E7F00C3A178 /* Release */,
			);
			defaultConfigurationIsVisible = 0;
			defaultConfigurationName = Release;
		};
/* End XCConfigurationList section */
	};
	rootObject = 0447D3EB19B85E7F00C3A178 /* Project object */;
}
